// !$*UTF8*$!
{
	archiveVersion = 1;
	classes = {
	};
	objectVersion = 50;
	objects = {

/* Begin PBXBuildFile section */
		131034F1239DF9EE0003C64D /* RWPickFlavor.h in Headers */ = {isa = PBXBuildFile; fileRef = 131034EF239DF9EE0003C64D /* RWPickFlavor.h */; settings = {ATTRIBUTES = (Public, ); }; };
		13103502239E01A60003C64D /* Main.storyboard in Resources */ = {isa = PBXBuildFile; fileRef = 131034F8239E01A60003C64D /* Main.storyboard */; };
		13103503239E01A60003C64D /* BarcodeVC.xib in Resources */ = {isa = PBXBuildFile; fileRef = 131034F9239E01A60003C64D /* BarcodeVC.xib */; };
		13103504239E01A60003C64D /* AlamoVC.xib in Resources */ = {isa = PBXBuildFile; fileRef = 131034FA239E01A60003C64D /* AlamoVC.xib */; };
		13103505239E01A60003C64D /* ViewController.swift in Sources */ = {isa = PBXBuildFile; fileRef = 131034FC239E01A60003C64D /* ViewController.swift */; };
		13103506239E01A60003C64D /* BarcodeVC.swift in Sources */ = {isa = PBXBuildFile; fileRef = 131034FD239E01A60003C64D /* BarcodeVC.swift */; };
		13103507239E01A60003C64D /* AlamoVC.swift in Sources */ = {isa = PBXBuildFile; fileRef = 131034FE239E01A60003C64D /* AlamoVC.swift */; };
		13103508239E01A60003C64D /* Assets.xcassets in Resources */ = {isa = PBXBuildFile; fileRef = 13103500239E01A60003C64D /* Assets.xcassets */; };
		9568C5CDAE11966C41C67042 /* Pods_RWPickFlavor.framework in Frameworks */ = {isa = PBXBuildFile; fileRef = 5BB67D40716B641B6322AD42 /* Pods_RWPickFlavor.framework */; };
/* End PBXBuildFile section */

/* Begin PBXFileReference section */
		0ACFA58477E126667B22AF90 /* Pods-RWPickFlavor.release.xcconfig */ = {isa = PBXFileReference; includeInIndex = 1; lastKnownFileType = text.xcconfig; name = "Pods-RWPickFlavor.release.xcconfig"; path = "Target Support Files/Pods-RWPickFlavor/Pods-RWPickFlavor.release.xcconfig"; sourceTree = "<group>"; };
		131034EC239DF9EE0003C64D /* RWPickFlavor.framework */ = {isa = PBXFileReference; explicitFileType = wrapper.framework; includeInIndex = 0; path = RWPickFlavor.framework; sourceTree = BUILT_PRODUCTS_DIR; };
		131034EF239DF9EE0003C64D /* RWPickFlavor.h */ = {isa = PBXFileReference; lastKnownFileType = sourcecode.c.h; path = RWPickFlavor.h; sourceTree = "<group>"; };
		131034F0239DF9EE0003C64D /* Info.plist */ = {isa = PBXFileReference; lastKnownFileType = text.plist.xml; path = Info.plist; sourceTree = "<group>"; };
		131034F8239E01A60003C64D /* Main.storyboard */ = {isa = PBXFileReference; fileEncoding = 4; lastKnownFileType = file.storyboard; path = Main.storyboard; sourceTree = "<group>"; };
		131034F9239E01A60003C64D /* BarcodeVC.xib */ = {isa = PBXFileReference; fileEncoding = 4; lastKnownFileType = file.xib; path = BarcodeVC.xib; sourceTree = "<group>"; };
		131034FA239E01A60003C64D /* AlamoVC.xib */ = {isa = PBXFileReference; fileEncoding = 4; lastKnownFileType = file.xib; path = AlamoVC.xib; sourceTree = "<group>"; };
		131034FC239E01A60003C64D /* ViewController.swift */ = {isa = PBXFileReference; fileEncoding = 4; lastKnownFileType = sourcecode.swift; path = ViewController.swift; sourceTree = "<group>"; };
		131034FD239E01A60003C64D /* BarcodeVC.swift */ = {isa = PBXFileReference; fileEncoding = 4; lastKnownFileType = sourcecode.swift; path = BarcodeVC.swift; sourceTree = "<group>"; };
		131034FE239E01A60003C64D /* AlamoVC.swift */ = {isa = PBXFileReference; fileEncoding = 4; lastKnownFileType = sourcecode.swift; path = AlamoVC.swift; sourceTree = "<group>"; };
		13103500239E01A60003C64D /* Assets.xcassets */ = {isa = PBXFileReference; lastKnownFileType = folder.assetcatalog; path = Assets.xcassets; sourceTree = "<group>"; };
		311FFB80478FD3D1776D8045 /* Pods-RWPickFlavor.debug.xcconfig */ = {isa = PBXFileReference; includeInIndex = 1; lastKnownFileType = text.xcconfig; name = "Pods-RWPickFlavor.debug.xcconfig"; path = "Target Support Files/Pods-RWPickFlavor/Pods-RWPickFlavor.debug.xcconfig"; sourceTree = "<group>"; };
		5BB67D40716B641B6322AD42 /* Pods_RWPickFlavor.framework */ = {isa = PBXFileReference; explicitFileType = wrapper.framework; includeInIndex = 0; path = Pods_RWPickFlavor.framework; sourceTree = BUILT_PRODUCTS_DIR; };
/* End PBXFileReference section */

/* Begin PBXFrameworksBuildPhase section */
		131034E9239DF9EE0003C64D /* Frameworks */ = {
			isa = PBXFrameworksBuildPhase;
			buildActionMask = 2147483647;
			files = (
				9568C5CDAE11966C41C67042 /* Pods_RWPickFlavor.framework in Frameworks */,
			);
			runOnlyForDeploymentPostprocessing = 0;
		};
/* End PBXFrameworksBuildPhase section */

/* Begin PBXGroup section */
		131034E2239DF9EE0003C64D = {
			isa = PBXGroup;
			children = (
				131034EE239DF9EE0003C64D /* RWPickFlavor */,
				131034ED239DF9EE0003C64D /* Products */,
				75A87AE6EDCF0D029BC32790 /* Pods */,
				CA4917543A44E3B30FFFE93C /* Frameworks */,
			);
			sourceTree = "<group>";
		};
		131034ED239DF9EE0003C64D /* Products */ = {
			isa = PBXGroup;
			children = (
				131034EC239DF9EE0003C64D /* RWPickFlavor.framework */,
			);
			name = Products;
			sourceTree = "<group>";
		};
		131034EE239DF9EE0003C64D /* RWPickFlavor */ = {
			isa = PBXGroup;
			children = (
				131034FB239E01A60003C64D /* Controllers */,
				13103501239E01A60003C64D /* Models */,
				131034FF239E01A60003C64D /* Resources */,
				131034F7239E01A60003C64D /* Views */,
				131034EF239DF9EE0003C64D /* RWPickFlavor.h */,
				131034F0239DF9EE0003C64D /* Info.plist */,
			);
			path = RWPickFlavor;
			sourceTree = "<group>";
		};
		131034F7239E01A60003C64D /* Views */ = {
			isa = PBXGroup;
			children = (
				131034F8239E01A60003C64D /* Main.storyboard */,
			);
			path = Views;
			sourceTree = "<group>";
		};
		131034FB239E01A60003C64D /* Controllers */ = {
			isa = PBXGroup;
			children = (
				131034FC239E01A60003C64D /* ViewController.swift */,
				131034FD239E01A60003C64D /* BarcodeVC.swift */,
				131034FA239E01A60003C64D /* AlamoVC.xib */,
				131034F9239E01A60003C64D /* BarcodeVC.xib */,
				131034FE239E01A60003C64D /* AlamoVC.swift */,
			);
			path = Controllers;
			sourceTree = "<group>";
		};
		131034FF239E01A60003C64D /* Resources */ = {
			isa = PBXGroup;
			children = (
				13103500239E01A60003C64D /* Assets.xcassets */,
			);
			path = Resources;
			sourceTree = "<group>";
		};
		13103501239E01A60003C64D /* Models */ = {
			isa = PBXGroup;
			children = (
			);
			path = Models;
			sourceTree = "<group>";
		};
		75A87AE6EDCF0D029BC32790 /* Pods */ = {
			isa = PBXGroup;
			children = (
				311FFB80478FD3D1776D8045 /* Pods-RWPickFlavor.debug.xcconfig */,
				0ACFA58477E126667B22AF90 /* Pods-RWPickFlavor.release.xcconfig */,
			);
			path = Pods;
			sourceTree = "<group>";
		};
		CA4917543A44E3B30FFFE93C /* Frameworks */ = {
			isa = PBXGroup;
			children = (
				5BB67D40716B641B6322AD42 /* Pods_RWPickFlavor.framework */,
			);
			name = Frameworks;
			sourceTree = "<group>";
		};
/* End PBXGroup section */

/* Begin PBXHeadersBuildPhase section */
		131034E7239DF9EE0003C64D /* Headers */ = {
			isa = PBXHeadersBuildPhase;
			buildActionMask = 2147483647;
			files = (
				131034F1239DF9EE0003C64D /* RWPickFlavor.h in Headers */,
			);
			runOnlyForDeploymentPostprocessing = 0;
		};
/* End PBXHeadersBuildPhase section */

/* Begin PBXNativeTarget section */
		131034EB239DF9EE0003C64D /* RWPickFlavor */ = {
			isa = PBXNativeTarget;
			buildConfigurationList = 131034F4239DF9EE0003C64D /* Build configuration list for PBXNativeTarget "RWPickFlavor" */;
			buildPhases = (
				084CB0F2C5290A3EA8D4919D /* [CP] Check Pods Manifest.lock */,
				131034E7239DF9EE0003C64D /* Headers */,
				131034E8239DF9EE0003C64D /* Sources */,
				131034E9239DF9EE0003C64D /* Frameworks */,
				131034EA239DF9EE0003C64D /* Resources */,
			);
			buildRules = (
			);
			dependencies = (
			);
			name = RWPickFlavor;
			productName = RWPickFlavor;
			productReference = 131034EC239DF9EE0003C64D /* RWPickFlavor.framework */;
			productType = "com.apple.product-type.framework";
		};
/* End PBXNativeTarget section */

/* Begin PBXProject section */
		131034E3239DF9EE0003C64D /* Project object */ = {
			isa = PBXProject;
			attributes = {
				LastUpgradeCheck = 1120;
				ORGANIZATIONNAME = WisdomVast;
				TargetAttributes = {
					131034EB239DF9EE0003C64D = {
						CreatedOnToolsVersion = 11.2.1;
					};
				};
			};
			buildConfigurationList = 131034E6239DF9EE0003C64D /* Build configuration list for PBXProject "RWPickFlavor" */;
			compatibilityVersion = "Xcode 9.3";
			developmentRegion = en;
			hasScannedForEncodings = 0;
			knownRegions = (
				en,
				Base,
			);
			mainGroup = 131034E2239DF9EE0003C64D;
			productRefGroup = 131034ED239DF9EE0003C64D /* Products */;
			projectDirPath = "";
			projectRoot = "";
			targets = (
				131034EB239DF9EE0003C64D /* RWPickFlavor */,
			);
		};
/* End PBXProject section */

/* Begin PBXResourcesBuildPhase section */
		131034EA239DF9EE0003C64D /* Resources */ = {
			isa = PBXResourcesBuildPhase;
			buildActionMask = 2147483647;
			files = (
				13103504239E01A60003C64D /* AlamoVC.xib in Resources */,
				13103502239E01A60003C64D /* Main.storyboard in Resources */,
				13103508239E01A60003C64D /* Assets.xcassets in Resources */,
				13103503239E01A60003C64D /* BarcodeVC.xib in Resources */,
			);
			runOnlyForDeploymentPostprocessing = 0;
		};
/* End PBXResourcesBuildPhase section */

/* Begin PBXShellScriptBuildPhase section */
		084CB0F2C5290A3EA8D4919D /* [CP] Check Pods Manifest.lock */ = {
			isa = PBXShellScriptBuildPhase;
			buildActionMask = 2147483647;
			files = (
			);
			inputFileListPaths = (
			);
			inputPaths = (
				"${PODS_PODFILE_DIR_PATH}/Podfile.lock",
				"${PODS_ROOT}/Manifest.lock",
			);
			name = "[CP] Check Pods Manifest.lock";
			outputFileListPaths = (
			);
			outputPaths = (
				"$(DERIVED_FILE_DIR)/Pods-RWPickFlavor-checkManifestLockResult.txt",
			);
			runOnlyForDeploymentPostprocessing = 0;
			shellPath = /bin/sh;
			shellScript = "diff \"${PODS_PODFILE_DIR_PATH}/Podfile.lock\" \"${PODS_ROOT}/Manifest.lock\" > /dev/null\nif [ $? != 0 ] ; then\n    # print error to STDERR\n    echo \"error: The sandbox is not in sync with the Podfile.lock. Run 'pod install' or update your CocoaPods installation.\" >&2\n    exit 1\nfi\n# This output is used by Xcode 'outputs' to avoid re-running this script phase.\necho \"SUCCESS\" > \"${SCRIPT_OUTPUT_FILE_0}\"\n";
			showEnvVarsInLog = 0;
		};
/* End PBXShellScriptBuildPhase section */

/* Begin PBXSourcesBuildPhase section */
		131034E8239DF9EE0003C64D /* Sources */ = {
			isa = PBXSourcesBuildPhase;
			buildActionMask = 2147483647;
			files = (
				13103507239E01A60003C64D /* AlamoVC.swift in Sources */,
				13103505239E01A60003C64D /* ViewController.swift in Sources */,
				13103506239E01A60003C64D /* BarcodeVC.swift in Sources */,
			);
			runOnlyForDeploymentPostprocessing = 0;
		};
/* End PBXSourcesBuildPhase section */

/* Begin XCBuildConfiguration section */
		131034F2239DF9EE0003C64D /* Debug */ = {
			isa = XCBuildConfiguration;
			buildSettings = {
				ALWAYS_SEARCH_USER_PATHS = NO;
				CLANG_ANALYZER_NONNULL = YES;
				CLANG_ANALYZER_NUMBER_OBJECT_CONVERSION = YES_AGGRESSIVE;
				CLANG_CXX_LANGUAGE_STANDARD = "gnu++14";
				CLANG_CXX_LIBRARY = "libc++";
				CLANG_ENABLE_MODULES = YES;
				CLANG_ENABLE_OBJC_ARC = YES;
				CLANG_ENABLE_OBJC_WEAK = YES;
				CLANG_WARN_BLOCK_CAPTURE_AUTORELEASING = YES;
				CLANG_WARN_BOOL_CONVERSION = YES;
				CLANG_WARN_COMMA = YES;
				CLANG_WARN_CONSTANT_CONVERSION = YES;
				CLANG_WARN_DEPRECATED_OBJC_IMPLEMENTATIONS = YES;
				CLANG_WARN_DIRECT_OBJC_ISA_USAGE = YES_ERROR;
				CLANG_WARN_DOCUMENTATION_COMMENTS = YES;
				CLANG_WARN_EMPTY_BODY = YES;
				CLANG_WARN_ENUM_CONVERSION = YES;
				CLANG_WARN_INFINITE_RECURSION = YES;
				CLANG_WARN_INT_CONVERSION = YES;
				CLANG_WARN_NON_LITERAL_NULL_CONVERSION = YES;
				CLANG_WARN_OBJC_IMPLICIT_RETAIN_SELF = YES;
				CLANG_WARN_OBJC_LITERAL_CONVERSION = YES;
				CLANG_WARN_OBJC_ROOT_CLASS = YES_ERROR;
				CLANG_WARN_RANGE_LOOP_ANALYSIS = YES;
				CLANG_WARN_STRICT_PROTOTYPES = YES;
				CLANG_WARN_SUSPICIOUS_MOVE = YES;
				CLANG_WARN_UNGUARDED_AVAILABILITY = YES_AGGRESSIVE;
				CLANG_WARN_UNREACHABLE_CODE = YES;
				CLANG_WARN__DUPLICATE_METHOD_MATCH = YES;
				COPY_PHASE_STRIP = NO;
				CURRENT_PROJECT_VERSION = 1;
				DEBUG_INFORMATION_FORMAT = dwarf;
				ENABLE_STRICT_OBJC_MSGSEND = YES;
				ENABLE_TESTABILITY = YES;
				GCC_C_LANGUAGE_STANDARD = gnu11;
				GCC_DYNAMIC_NO_PIC = NO;
				GCC_NO_COMMON_BLOCKS = YES;
				GCC_OPTIMIZATION_LEVEL = 0;
				GCC_PREPROCESSOR_DEFINITIONS = (
					"DEBUG=1",
					"$(inherited)",
				);
				GCC_WARN_64_TO_32_BIT_CONVERSION = YES;
				GCC_WARN_ABOUT_RETURN_TYPE = YES_ERROR;
				GCC_WARN_UNDECLARED_SELECTOR = YES;
				GCC_WARN_UNINITIALIZED_AUTOS = YES_AGGRESSIVE;
				GCC_WARN_UNUSED_FUNCTION = YES;
				GCC_WARN_UNUSED_VARIABLE = YES;
				IPHONEOS_DEPLOYMENT_TARGET = 13.2;
				MTL_ENABLE_DEBUG_INFO = INCLUDE_SOURCE;
				MTL_FAST_MATH = YES;
				ONLY_ACTIVE_ARCH = YES;
				SDKROOT = iphoneos;
				SWIFT_ACTIVE_COMPILATION_CONDITIONS = DEBUG;
				SWIFT_OPTIMIZATION_LEVEL = "-Onone";
				VERSIONING_SYSTEM = "apple-generic";
				VERSION_INFO_PREFIX = "";
			};
			name = Debug;
		};
		131034F3239DF9EE0003C64D /* Release */ = {
			isa = XCBuildConfiguration;
			buildSettings = {
				ALWAYS_SEARCH_USER_PATHS = NO;
				CLANG_ANALYZER_NONNULL = YES;
				CLANG_ANALYZER_NUMBER_OBJECT_CONVERSION = YES_AGGRESSIVE;
				CLANG_CXX_LANGUAGE_STANDARD = "gnu++14";
				CLANG_CXX_LIBRARY = "libc++";
				CLANG_ENABLE_MODULES = YES;
				CLANG_ENABLE_OBJC_ARC = YES;
				CLANG_ENABLE_OBJC_WEAK = YES;
				CLANG_WARN_BLOCK_CAPTURE_AUTORELEASING = YES;
				CLANG_WARN_BOOL_CONVERSION = YES;
				CLANG_WARN_COMMA = YES;
				CLANG_WARN_CONSTANT_CONVERSION = YES;
				CLANG_WARN_DEPRECATED_OBJC_IMPLEMENTATIONS = YES;
				CLANG_WARN_DIRECT_OBJC_ISA_USAGE = YES_ERROR;
				CLANG_WARN_DOCUMENTATION_COMMENTS = YES;
				CLANG_WARN_EMPTY_BODY = YES;
				CLANG_WARN_ENUM_CONVERSION = YES;
				CLANG_WARN_INFINITE_RECURSION = YES;
				CLANG_WARN_INT_CONVERSION = YES;
				CLANG_WARN_NON_LITERAL_NULL_CONVERSION = YES;
				CLANG_WARN_OBJC_IMPLICIT_RETAIN_SELF = YES;
				CLANG_WARN_OBJC_LITERAL_CONVERSION = YES;
				CLANG_WARN_OBJC_ROOT_CLASS = YES_ERROR;
				CLANG_WARN_RANGE_LOOP_ANALYSIS = YES;
				CLANG_WARN_STRICT_PROTOTYPES = YES;
				CLANG_WARN_SUSPICIOUS_MOVE = YES;
				CLANG_WARN_UNGUARDED_AVAILABILITY = YES_AGGRESSIVE;
				CLANG_WARN_UNREACHABLE_CODE = YES;
				CLANG_WARN__DUPLICATE_METHOD_MATCH = YES;
				COPY_PHASE_STRIP = NO;
				CURRENT_PROJECT_VERSION = 1;
				DEBUG_INFORMATION_FORMAT = "dwarf-with-dsym";
				ENABLE_NS_ASSERTIONS = NO;
				ENABLE_STRICT_OBJC_MSGSEND = YES;
				GCC_C_LANGUAGE_STANDARD = gnu11;
				GCC_NO_COMMON_BLOCKS = YES;
				GCC_WARN_64_TO_32_BIT_CONVERSION = YES;
				GCC_WARN_ABOUT_RETURN_TYPE = YES_ERROR;
				GCC_WARN_UNDECLARED_SELECTOR = YES;
				GCC_WARN_UNINITIALIZED_AUTOS = YES_AGGRESSIVE;
				GCC_WARN_UNUSED_FUNCTION = YES;
				GCC_WARN_UNUSED_VARIABLE = YES;
				IPHONEOS_DEPLOYMENT_TARGET = 13.2;
				MTL_ENABLE_DEBUG_INFO = NO;
				MTL_FAST_MATH = YES;
				SDKROOT = iphoneos;
				SWIFT_COMPILATION_MODE = wholemodule;
				SWIFT_OPTIMIZATION_LEVEL = "-O";
				VALIDATE_PRODUCT = YES;
				VERSIONING_SYSTEM = "apple-generic";
				VERSION_INFO_PREFIX = "";
			};
			name = Release;
		};
		131034F5239DF9EE0003C64D /* Debug */ = {
			isa = XCBuildConfiguration;
			baseConfigurationReference = 311FFB80478FD3D1776D8045 /* Pods-RWPickFlavor.debug.xcconfig */;
			buildSettings = {
				CODE_SIGN_STYLE = Automatic;
				DEFINES_MODULE = YES;
				DEVELOPMENT_TEAM = 938M7XW9DC;
				DYLIB_COMPATIBILITY_VERSION = 1;
				DYLIB_CURRENT_VERSION = 1;
				DYLIB_INSTALL_NAME_BASE = "@rpath";
				INFOPLIST_FILE = RWPickFlavor/Info.plist;
				INSTALL_PATH = "$(LOCAL_LIBRARY_DIR)/Frameworks";
				LD_RUNPATH_SEARCH_PATHS = (
					"$(inherited)",
					"@executable_path/Frameworks",
					"@loader_path/Frameworks",
				);
				PRODUCT_BUNDLE_IDENTIFIER = com.wisdomvast.RWPickFlavor;
				PRODUCT_NAME = "$(TARGET_NAME:c99extidentifier)";
				SKIP_INSTALL = YES;
				SWIFT_VERSION = 5.0;
				TARGETED_DEVICE_FAMILY = "1,2";
			};
			name = Debug;
		};
		131034F6239DF9EE0003C64D /* Release */ = {
			isa = XCBuildConfiguration;
			baseConfigurationReference = 0ACFA58477E126667B22AF90 /* Pods-RWPickFlavor.release.xcconfig */;
			buildSettings = {
				CODE_SIGN_STYLE = Automatic;
				DEFINES_MODULE = YES;
				DEVELOPMENT_TEAM = 938M7XW9DC;
				DYLIB_COMPATIBILITY_VERSION = 1;
				DYLIB_CURRENT_VERSION = 1;
				DYLIB_INSTALL_NAME_BASE = "@rpath";
				INFOPLIST_FILE = RWPickFlavor/Info.plist;
				INSTALL_PATH = "$(LOCAL_LIBRARY_DIR)/Frameworks";
				LD_RUNPATH_SEARCH_PATHS = (
					"$(inherited)",
					"@executable_path/Frameworks",
					"@loader_path/Frameworks",
				);
				PRODUCT_BUNDLE_IDENTIFIER = com.wisdomvast.RWPickFlavor;
				PRODUCT_NAME = "$(TARGET_NAME:c99extidentifier)";
				SKIP_INSTALL = YES;
				SWIFT_VERSION = 5.0;
				TARGETED_DEVICE_FAMILY = "1,2";
			};
			name = Release;
		};
/* End XCBuildConfiguration section */

/* Begin XCConfigurationList section */
		131034E6239DF9EE0003C64D /* Build configuration list for PBXProject "RWPickFlavor" */ = {
			isa = XCConfigurationList;
			buildConfigurations = (
				131034F2239DF9EE0003C64D /* Debug */,
				131034F3239DF9EE0003C64D /* Release */,
			);
			defaultConfigurationIsVisible = 0;
			defaultConfigurationName = Release;
		};
		131034F4239DF9EE0003C64D /* Build configuration list for PBXNativeTarget "RWPickFlavor" */ = {
			isa = XCConfigurationList;
			buildConfigurations = (
				131034F5239DF9EE0003C64D /* Debug */,
				131034F6239DF9EE0003C64D /* Release */,
			);
			defaultConfigurationIsVisible = 0;
			defaultConfigurationName = Release;
		};
/* End XCConfigurationList section */
	};
	rootObject = 131034E3239DF9EE0003C64D /* Project object */;
}
